
Microsoft Visual Studio Solution File, Format Version 12.00
# Visual Studio Version 16
VisualStudioVersion = 16.0.30611.23
MinimumVisualStudioVersion = 10.0.40219.1
Project("{FAE04EC0-301F-11D3-BF4B-00C04F79EFBC}") = "Breaking the Records", "Breaking the Records\Breaking the Records.csproj", "{FAAADBA0-B9AE-45C2-95D7-588E5C617824}"
EndProject
Global
	GlobalSection(SolutionConfigurationPlatforms) = preSolution
		Debug|Any CPU = Debug|Any CPU
		Release|Any CPU = Release|Any CPU
	EndGlobalSection
	GlobalSection(ProjectConfigurationPlatforms) = postSolution
		{FAAADBA0-B9AE-45C2-95D7-588E5C617824}.Debug|Any CPU.ActiveCfg = Debug|Any CPU
		{FAAADBA0-B9AE-45C2-95D7-588E5C617824}.Debug|Any CPU.Build.0 = Debug|Any CPU
		{FAAADBA0-B9AE-45C2-95D7-588E5C617824}.Release|Any CPU.ActiveCfg = Release|Any CPU
		{FAAADBA0-B9AE-45C2-95D7-588E5C617824}.Release|Any CPU.Build.0 = Release|Any CPU
	EndGlobalSection
	GlobalSection(SolutionProperties) = preSolution
		HideSolutionNode = FALSE
	EndGlobalSection
	GlobalSection(ExtensibilityGlobals) = postSolution
		SolutionGuid = {A34F696D-5D21-4E08-B934-53A68AC750F0}
	EndGlobalSection
EndGlobal
