
Microsoft Visual Studio Solution File, Format Version 12.00
# Visual Studio Version 16
VisualStudioVersion = 16.0.30611.23
MinimumVisualStudioVersion = 10.0.40219.1
Project("{FAE04EC0-301F-11D3-BF4B-00C04F79EFBC}") = "Between Two Sets", "Between Two Sets\Between Two Sets.csproj", "{02BD3F0E-8A7D-4B49-B72B-AD99A6975C03}"
EndProject
Global
	GlobalSection(SolutionConfigurationPlatforms) = preSolution
		Debug|Any CPU = Debug|Any CPU
		Release|Any CPU = Release|Any CPU
	EndGlobalSection
	GlobalSection(ProjectConfigurationPlatforms) = postSolution
		{02BD3F0E-8A7D-4B49-B72B-AD99A6975C03}.Debug|Any CPU.ActiveCfg = Debug|Any CPU
		{02BD3F0E-8A7D-4B49-B72B-AD99A6975C03}.Debug|Any CPU.Build.0 = Debug|Any CPU
		{02BD3F0E-8A7D-4B49-B72B-AD99A6975C03}.Release|Any CPU.ActiveCfg = Release|Any CPU
		{02BD3F0E-8A7D-4B49-B72B-AD99A6975C03}.Release|Any CPU.Build.0 = Release|Any CPU
	EndGlobalSection
	GlobalSection(SolutionProperties) = preSolution
		HideSolutionNode = FALSE
	EndGlobalSection
	GlobalSection(ExtensibilityGlobals) = postSolution
		SolutionGuid = {0EDDD828-4B16-42FB-9391-CB3454E2079A}
	EndGlobalSection
EndGlobal
