
Microsoft Visual Studio Solution File, Format Version 12.00
# Visual Studio Version 16
VisualStudioVersion = 16.0.30611.23
MinimumVisualStudioVersion = 10.0.40219.1
Project("{FAE04EC0-301F-11D3-BF4B-00C04F79EFBC}") = "Sub-array Division", "Sub-array Division\Sub-array Division.csproj", "{44B8EE8D-B0A2-4E07-AEE5-4EAF69E53AE2}"
EndProject
Global
	GlobalSection(SolutionConfigurationPlatforms) = preSolution
		Debug|Any CPU = Debug|Any CPU
		Release|Any CPU = Release|Any CPU
	EndGlobalSection
	GlobalSection(ProjectConfigurationPlatforms) = postSolution
		{44B8EE8D-B0A2-4E07-AEE5-4EAF69E53AE2}.Debug|Any CPU.ActiveCfg = Debug|Any CPU
		{44B8EE8D-B0A2-4E07-AEE5-4EAF69E53AE2}.Debug|Any CPU.Build.0 = Debug|Any CPU
		{44B8EE8D-B0A2-4E07-AEE5-4EAF69E53AE2}.Release|Any CPU.ActiveCfg = Release|Any CPU
		{44B8EE8D-B0A2-4E07-AEE5-4EAF69E53AE2}.Release|Any CPU.Build.0 = Release|Any CPU
	EndGlobalSection
	GlobalSection(SolutionProperties) = preSolution
		HideSolutionNode = FALSE
	EndGlobalSection
	GlobalSection(ExtensibilityGlobals) = postSolution
		SolutionGuid = {75A5690F-8240-45B8-A05C-18CAAA6A46E3}
	EndGlobalSection
EndGlobal
